
Microsoft Visual Studio Solution File, Format Version 12.00
# Visual Studio 15
VisualStudioVersion = 15.0.33423.255
MinimumVisualStudioVersion = 10.0.40219.1
Project("{FAE04EC0-301F-11D3-BF4B-00C04F79EFBC}") = "SoftwareDevelopment4.1", "SoftwareDevelopment4.1\SoftwareDevelopment4.1.csproj", "{52A03BBD-3F37-42DF-894F-20EB37CCBC84}"
EndProject
Global
	GlobalSection(SolutionConfigurationPlatforms) = preSolution
		Debug|Any CPU = Debug|Any CPU
		Release|Any CPU = Release|Any CPU
	EndGlobalSection
	GlobalSection(ProjectConfigurationPlatforms) = postSolution
		{52A03BBD-3F37-42DF-894F-20EB37CCBC84}.Debug|Any CPU.ActiveCfg = Debug|Any CPU
		{52A03BBD-3F37-42DF-894F-20EB37CCBC84}.Debug|Any CPU.Build.0 = Debug|Any CPU
		{52A03BBD-3F37-42DF-894F-20EB37CCBC84}.Release|Any CPU.ActiveCfg = Release|Any CPU
		{52A03BBD-3F37-42DF-894F-20EB37CCBC84}.Release|Any CPU.Build.0 = Release|Any CPU
	EndGlobalSection
	GlobalSection(SolutionProperties) = preSolution
		HideSolutionNode = FALSE
	EndGlobalSection
	GlobalSection(ExtensibilityGlobals) = postSolution
		SolutionGuid = {89BFFA41-498B-4EBD-B1CC-1C624637C762}
	EndGlobalSection
EndGlobal
